# This file is autogenerated, do not edit; changes may be undone by the next 'dep ensure'.


[[projects]]
  name = "github.com/PuerkitoBio/goquery"
  packages = ["."]
  revision = "a86ea073017a6beddef78c8659e7224e8ca634b0"
  version = "v1.4.0"

[[projects]]
  name = "github.com/andybalholm/cascadia"
  packages = ["."]
  revision = "901648c87902174f774fac311d7f176f8647bdaa"
  version = "v1.0.0"

[[projects]]
  name = "github.com/aws/aws-sdk-go"
  packages = ["aws","aws/awserr","aws/awsutil","aws/client","aws/client/metadata","aws/corehandlers","aws/credentials","aws/credentials/ec2rolecreds","aws/credentials/endpointcreds","aws/credentials/stscreds","aws/defaults","aws/ec2metadata","aws/endpoints","aws/request","aws/session","aws/signer/v4","internal/shareddefaults","private/protocol","private/protocol/query","private/protocol/query/queryutil","private/protocol/rest","private/protocol/xml/xmlutil","service/ses","service/sts"]
  revision = "5b4d64c21c9af31b5c870528001cd2e3ef37bfe0"
  version = "v1.10.34"

[[projects]]
  name = "github.com/davecgh/go-spew"
  packages = ["spew"]
  revision = "346938d642f2ec3594ed81d874461961cd0faa76"
  version = "v1.1.0"

[[projects]]
  name = "github.com/dgrijalva/jwt-go"
  packages = ["."]
  revision = "06ea1031745cb8b3dab3f6a236daf2b0aa468b7e"
  version = "v3.2.0"

[[projects]]
  name = "github.com/go-ini/ini"
  packages = ["."]
  revision = "6333e38ac20b8949a8dd68baa3650f4dee8f39f0"
  version = "v1.33.0"

[[projects]]
  name = "github.com/go-stack/stack"
  packages = ["."]
  revision = "259ab82a6cad3992b4e21ff5cac294ccb06474bc"
  version = "v1.7.0"

[[projects]]
  branch = "master"
  name = "github.com/jaytaylor/html2text"
  packages = ["."]
  revision = "64a82a6d140778896f13303121a49d8cb8007034"

[[projects]]
  name = "github.com/jmespath/go-jmespath"
  packages = ["."]
  revision = "3433f3ea46d9f8019119e7dd41274e112a2359a9"
  version = "0.2.2"

[[projects]]
  name = "github.com/labstack/echo"
  packages = [".","middleware"]
  revision = "a5d81b8d4a627f3f49dcb3164ef2bb5239682227"
  version = "3.3.4"

[[projects]]
  name = "github.com/labstack/gommon"
  packages = ["bytes","color","log","random"]
  revision = "6fe1405d73ec4bd4cd8a4ac8e2a2b2bf95d03954"
  version = "0.2.4"

[[projects]]
  name = "github.com/mattn/go-colorable"
  packages = ["."]
  revision = "167de6bfdfba052fa6b2d3664c8f5272e23c9072"
  version = "v0.0.9"

[[projects]]
  name = "github.com/mattn/go-isatty"
  packages = ["."]
  revision = "0360b2af4f38e8d38c7fce2a9f4e702702d73a39"
  version = "v0.0.3"

[[projects]]
  name = "github.com/mattn/go-runewidth"
  packages = ["."]
  revision = "9e777a8366cce605130a531d2cd6363d07ad7317"
  version = "v0.0.2"

[[projects]]
  name = "github.com/mongodb/mongo-go-driver"
  packages = ["bson","bson/builder","bson/decimal","bson/elements","bson/objectid","mongo","mongo/connstring","mongo/internal","mongo/internal/auth/gssapi","mongo/internal/feature","mongo/model","mongo/private/auth","mongo/private/cluster","mongo/private/conn","mongo/private/msg","mongo/private/ops","mongo/private/options","mongo/private/server","mongo/readconcern","mongo/readpref","mongo/writeconcern"]
  revision = "4dccfa06a22dc6d6f77c9828e12c8ebb6ec502a4"
  version = "v0.0.2"

[[projects]]
  branch = "master"
  name = "github.com/olekukonko/tablewriter"
  packages = ["."]
  revision = "b8a9be070da40449e501c3c4730a889e42d87a9e"

[[projects]]
  name = "github.com/pmezard/go-difflib"
  packages = ["difflib"]
  revision = "792786c7400a136282c1664665ae0a8db921c6c2"
  version = "v1.0.0"

[[projects]]
  name = "github.com/radovskyb/watcher"
  packages = ["."]
  revision = "6145e1439b9de93806925353403f91d2abbad8a5"
  version = "v1.0.2"

[[projects]]
  branch = "master"
  name = "github.com/shurcooL/sanitized_anchor_name"
  packages = ["."]
  revision = "86672fcb3f950f35f2e675df2240550f2a50762f"

[[projects]]
  name = "github.com/sirupsen/logrus"
  packages = ["."]
  revision = "c155da19408a8799da419ed3eeb0cb5db0ad5dbc"
  version = "v1.0.5"

[[projects]]
  branch = "master"
  name = "github.com/ssor/bom"
  packages = ["."]
  revision = "6386211fdfcf24c0bfbdaceafd02849ed9a8a509"

[[projects]]
  name = "github.com/stretchr/testify"
  packages = ["assert","require"]
  revision = "12b6f73e6084dad08a7c6e575284b177ecafbc71"
  version = "v1.2.1"

[[projects]]
  branch = "master"
  name = "github.com/valyala/bytebufferpool"
  packages = ["."]
  revision = "e746df99fe4a3986f4d4f79e13c1e0117ce9c2f7"

[[projects]]
  branch = "master"
  name = "github.com/valyala/fasttemplate"
  packages = ["."]
  revision = "dcecefd839c4193db0d35b88ec65b4c12d360ab0"

[[projects]]
  branch = "master"
  name = "golang.org/x/crypto"
  packages = ["acme","acme/autocert","pbkdf2","ssh/terminal"]
  revision = "88942b9c40a4c9d203b82b3731787b672d6e809b"

[[projects]]
  branch = "master"
  name = "golang.org/x/net"
  packages = ["html","html/atom"]
  revision = "6078986fec03a1dcc236c34816c71b0e05018fda"

[[projects]]
  branch = "master"
  name = "golang.org/x/sys"
  packages = ["unix","windows"]
  revision = "91ee8cde435411ca3f1cd365e8f20131aed4d0a1"

[[projects]]
  name = "gopkg.in/russross/blackfriday.v2"
  packages = ["."]
  revision = "cadec560ec52d93835bf2f15bd794700d3a2473b"
  version = "v2.0.0"

[[projects]]
  name = "gopkg.in/yaml.v2"
  packages = ["."]
  revision = "7f97868eec74b32b0982dd158a51a446d1da7eb5"
  version = "v2.1.1"

[solve-meta]
  analyzer-name = "dep"
  analyzer-version = 1
  inputs-digest = "6856a45a2e7cc8e98937029183179b63ae7705c5c5bdd8fd3ac207156cbd3e21"
  solver-name = "gps-cdcl"
  solver-version = 1
