# This file is autogenerated, do not edit; changes may be undone by the next 'dep ensure'.


[[projects]]
  name = "github.com/algolia/algoliasearch-client-go"
  packages = ["algoliasearch"]
  revision = "d861d05bc355caa2733913e3948a7b87e60a9ee9"
  version = "2.21.3"

[[projects]]
  name = "github.com/radovskyb/watcher"
  packages = ["."]
  revision = "6145e1439b9de93806925353403f91d2abbad8a5"
  version = "v1.0.2"

[[projects]]
  name = "gopkg.in/yaml.v2"
  packages = ["."]
  revision = "7f97868eec74b32b0982dd158a51a446d1da7eb5"
  version = "v2.1.1"

[solve-meta]
  analyzer-name = "dep"
  analyzer-version = 1
  inputs-digest = "f7cede275310f97c47728612cce9c2a814353aeb2dda75e50b6df5d4fba93591"
  solver-name = "gps-cdcl"
  solver-version = 1
